
Microsoft Visual Studio Solution File, Format Version 12.00
# Visual Studio 15
VisualStudioVersion = 15.0.26430.13
MinimumVisualStudioVersion = 10.0.40219.1
Project("{FAE04EC0-301F-11D3-BF4B-00C04F79EFBC}") = "NET_Standard.Android", "NET_Standard\NET_Standard.Android\NET_Standard.Android.csproj", "{9DCD110A-1BAE-437E-A478-BD064B2B3BB5}"
EndProject
Project("{FAE04EC0-301F-11D3-BF4B-00C04F79EFBC}") = "NET_Standard", "NET_Standard\NET_Standard\NET_Standard.csproj", "{A2A08BF2-4B6F-4C09-A494-D6AFEA35A45B}"
EndProject
Project("{FAE04EC0-301F-11D3-BF4B-00C04F79EFBC}") = "NET_Standard.iOS", "NET_Standard\NET_Standard.iOS\NET_Standard.iOS.csproj", "{4AD7C2E4-112C-46B1-AD12-C0F610EBBDD3}"
EndProject
Global
	GlobalSection(SolutionConfigurationPlatforms) = preSolution
		Ad-Hoc|Any CPU = Ad-Hoc|Any CPU
		Ad-Hoc|iPhone = Ad-Hoc|iPhone
		Ad-Hoc|iPhoneSimulator = Ad-Hoc|iPhoneSimulator
		AppStore|Any CPU = AppStore|Any CPU
		AppStore|iPhone = AppStore|iPhone
		AppStore|iPhoneSimulator = AppStore|iPhoneSimulator
		Debug|Any CPU = Debug|Any CPU
		Debug|iPhone = Debug|iPhone
		Debug|iPhoneSimulator = Debug|iPhoneSimulator
		Release|Any CPU = Release|Any CPU
		Release|iPhone = Release|iPhone
		Release|iPhoneSimulator = Release|iPhoneSimulator
	EndGlobalSection
	GlobalSection(ProjectConfigurationPlatforms) = postSolution
		{9DCD110A-1BAE-437E-A478-BD064B2B3BB5}.Ad-Hoc|Any CPU.ActiveCfg = Release|Any CPU
		{9DCD110A-1BAE-437E-A478-BD064B2B3BB5}.Ad-Hoc|Any CPU.Build.0 = Release|Any CPU
		{9DCD110A-1BAE-437E-A478-BD064B2B3BB5}.Ad-Hoc|Any CPU.Deploy.0 = Release|Any CPU
		{9DCD110A-1BAE-437E-A478-BD064B2B3BB5}.Ad-Hoc|iPhone.ActiveCfg = Release|Any CPU
		{9DCD110A-1BAE-437E-A478-BD064B2B3BB5}.Ad-Hoc|iPhone.Build.0 = Release|Any CPU
		{9DCD110A-1BAE-437E-A478-BD064B2B3BB5}.Ad-Hoc|iPhone.Deploy.0 = Release|Any CPU
		{9DCD110A-1BAE-437E-A478-BD064B2B3BB5}.Ad-Hoc|iPhoneSimulator.ActiveCfg = Release|Any CPU
		{9DCD110A-1BAE-437E-A478-BD064B2B3BB5}.Ad-Hoc|iPhoneSimulator.Build.0 = Release|Any CPU
		{9DCD110A-1BAE-437E-A478-BD064B2B3BB5}.Ad-Hoc|iPhoneSimulator.Deploy.0 = Release|Any CPU
		{9DCD110A-1BAE-437E-A478-BD064B2B3BB5}.AppStore|Any CPU.ActiveCfg = Release|Any CPU
		{9DCD110A-1BAE-437E-A478-BD064B2B3BB5}.AppStore|Any CPU.Build.0 = Release|Any CPU
		{9DCD110A-1BAE-437E-A478-BD064B2B3BB5}.AppStore|Any CPU.Deploy.0 = Release|Any CPU
		{9DCD110A-1BAE-437E-A478-BD064B2B3BB5}.AppStore|iPhone.ActiveCfg = Release|Any CPU
		{9DCD110A-1BAE-437E-A478-BD064B2B3BB5}.AppStore|iPhone.Build.0 = Release|Any CPU
		{9DCD110A-1BAE-437E-A478-BD064B2B3BB5}.AppStore|iPhone.Deploy.0 = Release|Any CPU
		{9DCD110A-1BAE-437E-A478-BD064B2B3BB5}.AppStore|iPhoneSimulator.ActiveCfg = Release|Any CPU
		{9DCD110A-1BAE-437E-A478-BD064B2B3BB5}.AppStore|iPhoneSimulator.Build.0 = Release|Any CPU
		{9DCD110A-1BAE-437E-A478-BD064B2B3BB5}.AppStore|iPhoneSimulator.Deploy.0 = Release|Any CPU
		{9DCD110A-1BAE-437E-A478-BD064B2B3BB5}.Debug|Any CPU.ActiveCfg = Debug|Any CPU
		{9DCD110A-1BAE-437E-A478-BD064B2B3BB5}.Debug|Any CPU.Build.0 = Debug|Any CPU
		{9DCD110A-1BAE-437E-A478-BD064B2B3BB5}.Debug|Any CPU.Deploy.0 = Debug|Any CPU
		{9DCD110A-1BAE-437E-A478-BD064B2B3BB5}.Debug|iPhone.ActiveCfg = Debug|Any CPU
		{9DCD110A-1BAE-437E-A478-BD064B2B3BB5}.Debug|iPhone.Build.0 = Debug|Any CPU
		{9DCD110A-1BAE-437E-A478-BD064B2B3BB5}.Debug|iPhone.Deploy.0 = Debug|Any CPU
		{9DCD110A-1BAE-437E-A478-BD064B2B3BB5}.Debug|iPhoneSimulator.ActiveCfg = Debug|Any CPU
		{9DCD110A-1BAE-437E-A478-BD064B2B3BB5}.Debug|iPhoneSimulator.Build.0 = Debug|Any CPU
		{9DCD110A-1BAE-437E-A478-BD064B2B3BB5}.Debug|iPhoneSimulator.Deploy.0 = Debug|Any CPU
		{9DCD110A-1BAE-437E-A478-BD064B2B3BB5}.Release|Any CPU.ActiveCfg = Release|Any CPU
		{9DCD110A-1BAE-437E-A478-BD064B2B3BB5}.Release|Any CPU.Build.0 = Release|Any CPU
		{9DCD110A-1BAE-437E-A478-BD064B2B3BB5}.Release|Any CPU.Deploy.0 = Release|Any CPU
		{9DCD110A-1BAE-437E-A478-BD064B2B3BB5}.Release|iPhone.ActiveCfg = Release|Any CPU
		{9DCD110A-1BAE-437E-A478-BD064B2B3BB5}.Release|iPhone.Build.0 = Release|Any CPU
		{9DCD110A-1BAE-437E-A478-BD064B2B3BB5}.Release|iPhone.Deploy.0 = Release|Any CPU
		{9DCD110A-1BAE-437E-A478-BD064B2B3BB5}.Release|iPhoneSimulator.ActiveCfg = Release|Any CPU
		{9DCD110A-1BAE-437E-A478-BD064B2B3BB5}.Release|iPhoneSimulator.Build.0 = Release|Any CPU
		{9DCD110A-1BAE-437E-A478-BD064B2B3BB5}.Release|iPhoneSimulator.Deploy.0 = Release|Any CPU
		{A2A08BF2-4B6F-4C09-A494-D6AFEA35A45B}.Ad-Hoc|Any CPU.ActiveCfg = Release|Any CPU
		{A2A08BF2-4B6F-4C09-A494-D6AFEA35A45B}.Ad-Hoc|Any CPU.Build.0 = Release|Any CPU
		{A2A08BF2-4B6F-4C09-A494-D6AFEA35A45B}.Ad-Hoc|iPhone.ActiveCfg = Release|Any CPU
		{A2A08BF2-4B6F-4C09-A494-D6AFEA35A45B}.Ad-Hoc|iPhone.Build.0 = Release|Any CPU
		{A2A08BF2-4B6F-4C09-A494-D6AFEA35A45B}.Ad-Hoc|iPhoneSimulator.ActiveCfg = Release|Any CPU
		{A2A08BF2-4B6F-4C09-A494-D6AFEA35A45B}.Ad-Hoc|iPhoneSimulator.Build.0 = Release|Any CPU
		{A2A08BF2-4B6F-4C09-A494-D6AFEA35A45B}.AppStore|Any CPU.ActiveCfg = Release|Any CPU
		{A2A08BF2-4B6F-4C09-A494-D6AFEA35A45B}.AppStore|Any CPU.Build.0 = Release|Any CPU
		{A2A08BF2-4B6F-4C09-A494-D6AFEA35A45B}.AppStore|iPhone.ActiveCfg = Release|Any CPU
		{A2A08BF2-4B6F-4C09-A494-D6AFEA35A45B}.AppStore|iPhone.Build.0 = Release|Any CPU
		{A2A08BF2-4B6F-4C09-A494-D6AFEA35A45B}.AppStore|iPhoneSimulator.ActiveCfg = Release|Any CPU
		{A2A08BF2-4B6F-4C09-A494-D6AFEA35A45B}.AppStore|iPhoneSimulator.Build.0 = Release|Any CPU
		{A2A08BF2-4B6F-4C09-A494-D6AFEA35A45B}.Debug|Any CPU.ActiveCfg = Debug|Any CPU
		{A2A08BF2-4B6F-4C09-A494-D6AFEA35A45B}.Debug|Any CPU.Build.0 = Debug|Any CPU
		{A2A08BF2-4B6F-4C09-A494-D6AFEA35A45B}.Debug|iPhone.ActiveCfg = Debug|Any CPU
		{A2A08BF2-4B6F-4C09-A494-D6AFEA35A45B}.Debug|iPhone.Build.0 = Debug|Any CPU
		{A2A08BF2-4B6F-4C09-A494-D6AFEA35A45B}.Debug|iPhoneSimulator.ActiveCfg = Debug|Any CPU
		{A2A08BF2-4B6F-4C09-A494-D6AFEA35A45B}.Debug|iPhoneSimulator.Build.0 = Debug|Any CPU
		{A2A08BF2-4B6F-4C09-A494-D6AFEA35A45B}.Release|Any CPU.ActiveCfg = Release|Any CPU
		{A2A08BF2-4B6F-4C09-A494-D6AFEA35A45B}.Release|Any CPU.Build.0 = Release|Any CPU
		{A2A08BF2-4B6F-4C09-A494-D6AFEA35A45B}.Release|iPhone.ActiveCfg = Release|Any CPU
		{A2A08BF2-4B6F-4C09-A494-D6AFEA35A45B}.Release|iPhone.Build.0 = Release|Any CPU
		{A2A08BF2-4B6F-4C09-A494-D6AFEA35A45B}.Release|iPhoneSimulator.ActiveCfg = Release|Any CPU
		{A2A08BF2-4B6F-4C09-A494-D6AFEA35A45B}.Release|iPhoneSimulator.Build.0 = Release|Any CPU
		{4AD7C2E4-112C-46B1-AD12-C0F610EBBDD3}.Ad-Hoc|Any CPU.ActiveCfg = Ad-Hoc|iPhone
		{4AD7C2E4-112C-46B1-AD12-C0F610EBBDD3}.Ad-Hoc|iPhone.ActiveCfg = Ad-Hoc|iPhone
		{4AD7C2E4-112C-46B1-AD12-C0F610EBBDD3}.Ad-Hoc|iPhone.Build.0 = Ad-Hoc|iPhone
		{4AD7C2E4-112C-46B1-AD12-C0F610EBBDD3}.Ad-Hoc|iPhoneSimulator.ActiveCfg = Ad-Hoc|iPhoneSimulator
		{4AD7C2E4-112C-46B1-AD12-C0F610EBBDD3}.Ad-Hoc|iPhoneSimulator.Build.0 = Ad-Hoc|iPhoneSimulator
		{4AD7C2E4-112C-46B1-AD12-C0F610EBBDD3}.AppStore|Any CPU.ActiveCfg = AppStore|iPhone
		{4AD7C2E4-112C-46B1-AD12-C0F610EBBDD3}.AppStore|iPhone.ActiveCfg = AppStore|iPhone
		{4AD7C2E4-112C-46B1-AD12-C0F610EBBDD3}.AppStore|iPhone.Build.0 = AppStore|iPhone
		{4AD7C2E4-112C-46B1-AD12-C0F610EBBDD3}.AppStore|iPhoneSimulator.ActiveCfg = AppStore|iPhoneSimulator
		{4AD7C2E4-112C-46B1-AD12-C0F610EBBDD3}.AppStore|iPhoneSimulator.Build.0 = AppStore|iPhoneSimulator
		{4AD7C2E4-112C-46B1-AD12-C0F610EBBDD3}.Debug|Any CPU.ActiveCfg = Debug|iPhone
		{4AD7C2E4-112C-46B1-AD12-C0F610EBBDD3}.Debug|iPhone.ActiveCfg = Debug|iPhone
		{4AD7C2E4-112C-46B1-AD12-C0F610EBBDD3}.Debug|iPhone.Build.0 = Debug|iPhone
		{4AD7C2E4-112C-46B1-AD12-C0F610EBBDD3}.Debug|iPhoneSimulator.ActiveCfg = Debug|iPhoneSimulator
		{4AD7C2E4-112C-46B1-AD12-C0F610EBBDD3}.Debug|iPhoneSimulator.Build.0 = Debug|iPhoneSimulator
		{4AD7C2E4-112C-46B1-AD12-C0F610EBBDD3}.Release|Any CPU.ActiveCfg = Release|iPhone
		{4AD7C2E4-112C-46B1-AD12-C0F610EBBDD3}.Release|iPhone.ActiveCfg = Release|iPhone
		{4AD7C2E4-112C-46B1-AD12-C0F610EBBDD3}.Release|iPhone.Build.0 = Release|iPhone
		{4AD7C2E4-112C-46B1-AD12-C0F610EBBDD3}.Release|iPhoneSimulator.ActiveCfg = Release|iPhoneSimulator
		{4AD7C2E4-112C-46B1-AD12-C0F610EBBDD3}.Release|iPhoneSimulator.Build.0 = Release|iPhoneSimulator
	EndGlobalSection
	GlobalSection(SolutionProperties) = preSolution
		HideSolutionNode = FALSE
	EndGlobalSection
EndGlobal
